
Microsoft Visual Studio Solution File, Format Version 12.00
# Visual Studio Version 16
VisualStudioVersion = 16.0.29613.14
MinimumVisualStudioVersion = 10.0.40219.1
Project("{FAE04EC0-301F-11D3-BF4B-00C04F79EFBC}") = "SQUtilitiesNetFramework", "SQUtilitiesNetFramework\SQUtilitiesNetFramework.csproj", "{C40AFAF6-CB4F-4F93-BF3B-DFBFD4F0FFBD}"
EndProject
Global
	GlobalSection(SolutionConfigurationPlatforms) = preSolution
		Debug|Any CPU = Debug|Any CPU
		Release|Any CPU = Release|Any CPU
	EndGlobalSection
	GlobalSection(ProjectConfigurationPlatforms) = postSolution
		{C40AFAF6-CB4F-4F93-BF3B-DFBFD4F0FFBD}.Debug|Any CPU.ActiveCfg = Debug|Any CPU
		{C40AFAF6-CB4F-4F93-BF3B-DFBFD4F0FFBD}.Debug|Any CPU.Build.0 = Debug|Any CPU
		{C40AFAF6-CB4F-4F93-BF3B-DFBFD4F0FFBD}.Release|Any CPU.ActiveCfg = Release|Any CPU
		{C40AFAF6-CB4F-4F93-BF3B-DFBFD4F0FFBD}.Release|Any CPU.Build.0 = Release|Any CPU
	EndGlobalSection
	GlobalSection(SolutionProperties) = preSolution
		HideSolutionNode = FALSE
	EndGlobalSection
	GlobalSection(ExtensibilityGlobals) = postSolution
		SolutionGuid = {846E77B4-221D-4B46-A60A-ADA9458A4491}
	EndGlobalSection
EndGlobal
